
Microsoft Visual Studio Solution File, Format Version 12.00
# Visual Studio Version 17
VisualStudioVersion = 17.4.33110.190
MinimumVisualStudioVersion = 10.0.40219.1
Project("{FAE04EC0-301F-11D3-BF4B-00C04F79EFBC}") = "ModTerminal", "ModTerminal\ModTerminal.csproj", "{085C6EEE-0ABF-46AA-9EED-2CAFDD07E7E6}"
EndProject
Project("{2150E333-8FDC-42A3-9474-1A3956D46DE8}") = "Solution Files", "Solution Files", "{F0B787E9-D322-458C-94EE-BB15E7D97380}"
	ProjectSection(SolutionItems) = preProject
		.github\workflows\build.yml = .github\workflows\build.yml
		.github\dependabot.yml = .github\dependabot.yml
		README.md = README.md
	EndProjectSection
EndProject
Global
	GlobalSection(SolutionConfigurationPlatforms) = preSolution
		Debug|Any CPU = Debug|Any CPU
		Release|Any CPU = Release|Any CPU
	EndGlobalSection
	GlobalSection(ProjectConfigurationPlatforms) = postSolution
		{085C6EEE-0ABF-46AA-9EED-2CAFDD07E7E6}.Debug|Any CPU.ActiveCfg = Debug|Any CPU
		{085C6EEE-0ABF-46AA-9EED-2CAFDD07E7E6}.Debug|Any CPU.Build.0 = Debug|Any CPU
		{085C6EEE-0ABF-46AA-9EED-2CAFDD07E7E6}.Release|Any CPU.ActiveCfg = Release|Any CPU
		{085C6EEE-0ABF-46AA-9EED-2CAFDD07E7E6}.Release|Any CPU.Build.0 = Release|Any CPU
	EndGlobalSection
	GlobalSection(SolutionProperties) = preSolution
		HideSolutionNode = FALSE
	EndGlobalSection
	GlobalSection(ExtensibilityGlobals) = postSolution
		SolutionGuid = {8DD42D9E-10EB-4AF4-A9CB-D4230A37EA87}
	EndGlobalSection
EndGlobal
